// !$*UTF8*$!
{
	archiveVersion = 1;
	classes = {
	};
	objectVersion = 46;
	objects = {

/* Begin PBXBuildFile section */
		6E6F50201F02D6A00018CDD0 /* AppDelegate.swift in Sources */ = {isa = PBXBuildFile; fileRef = 6E6F501F1F02D6A00018CDD0 /* AppDelegate.swift */; };
		6E6F50251F02D6A00018CDD0 /* Main.storyboard in Resources */ = {isa = PBXBuildFile; fileRef = 6E6F50231F02D6A00018CDD0 /* Main.storyboard */; };
		6E6F50271F02D6A00018CDD0 /* Assets.xcassets in Resources */ = {isa = PBXBuildFile; fileRef = 6E6F50261F02D6A00018CDD0 /* Assets.xcassets */; };
		6E6F502A1F02D6A00018CDD0 /* LaunchScreen.storyboard in Resources */ = {isa = PBXBuildFile; fileRef = 6E6F50281F02D6A00018CDD0 /* LaunchScreen.storyboard */; };
		6E6F50351F02D6A00018CDD0 /* ExampleTests.swift in Sources */ = {isa = PBXBuildFile; fileRef = 6E6F50341F02D6A00018CDD0 /* ExampleTests.swift */; };
		6E6F50491F02D6D90018CDD0 /* ViewController.swift in Sources */ = {isa = PBXBuildFile; fileRef = 6E6F50481F02D6D90018CDD0 /* ViewController.swift */; };
		6E6F50641F02D9A70018CDD0 /* JATableViewRowAction.framework in Frameworks */ = {isa = PBXBuildFile; fileRef = 6E6F50541F02D7890018CDD0 /* JATableViewRowAction.framework */; };
		6E6F50651F02D9A70018CDD0 /* JATableViewRowAction.framework in Embed Frameworks */ = {isa = PBXBuildFile; fileRef = 6E6F50541F02D7890018CDD0 /* JATableViewRowAction.framework */; settings = {ATTRIBUTES = (CodeSignOnCopy, RemoveHeadersOnCopy, ); }; };
/* End PBXBuildFile section */

/* Begin PBXContainerItemProxy section */
		6E6F50311F02D6A00018CDD0 /* PBXContainerItemProxy */ = {
			isa = PBXContainerItemProxy;
			containerPortal = 6E6F50141F02D6A00018CDD0 /* Project object */;
			proxyType = 1;
			remoteGlobalIDString = 6E6F501B1F02D6A00018CDD0;
			remoteInfo = Example;
		};
		6E6F50531F02D7890018CDD0 /* PBXContainerItemProxy */ = {
			isa = PBXContainerItemProxy;
			containerPortal = 6E6F504E1F02D7890018CDD0 /* JATableViewRowAction.xcodeproj */;
			proxyType = 2;
			remoteGlobalIDString = 6E6F4FF61F02D23D0018CDD0;
			remoteInfo = JATableViewRowAction;
		};
		6E6F50551F02D7890018CDD0 /* PBXContainerItemProxy */ = {
			isa = PBXContainerItemProxy;
			containerPortal = 6E6F504E1F02D7890018CDD0 /* JATableViewRowAction.xcodeproj */;
			proxyType = 2;
			remoteGlobalIDString = 6E6F4FFF1F02D23D0018CDD0;
			remoteInfo = JATableViewRowActionTests;
		};
		6E6F50611F02D9930018CDD0 /* PBXContainerItemProxy */ = {
			isa = PBXContainerItemProxy;
			containerPortal = 6E6F504E1F02D7890018CDD0 /* JATableViewRowAction.xcodeproj */;
			proxyType = 1;
			remoteGlobalIDString = 6E6F4FF51F02D23D0018CDD0;
			remoteInfo = JATableViewRowAction;
		};
		6E6F50661F02D9A70018CDD0 /* PBXContainerItemProxy */ = {
			isa = PBXContainerItemProxy;
			containerPortal = 6E6F504E1F02D7890018CDD0 /* JATableViewRowAction.xcodeproj */;
			proxyType = 1;
			remoteGlobalIDString = 6E6F4FF51F02D23D0018CDD0;
			remoteInfo = JATableViewRowAction;
		};
/* End PBXContainerItemProxy section */

/* Begin PBXCopyFilesBuildPhase section */
		6E6F50681F02D9A70018CDD0 /* Embed Frameworks */ = {
			isa = PBXCopyFilesBuildPhase;
			buildActionMask = 2147483647;
			dstPath = "";
			dstSubfolderSpec = 10;
			files = (
				6E6F50651F02D9A70018CDD0 /* JATableViewRowAction.framework in Embed Frameworks */,
			);
			name = "Embed Frameworks";
			runOnlyForDeploymentPostprocessing = 0;
		};
/* End PBXCopyFilesBuildPhase section */

/* Begin PBXFileReference section */
		6E6F501C1F02D6A00018CDD0 /* Example.app */ = {isa = PBXFileReference; explicitFileType = wrapper.application; includeInIndex = 0; path = Example.app; sourceTree = BUILT_PRODUCTS_DIR; };
		6E6F501F1F02D6A00018CDD0 /* AppDelegate.swift */ = {isa = PBXFileReference; lastKnownFileType = sourcecode.swift; path = AppDelegate.swift; sourceTree = "<group>"; };
		6E6F50241F02D6A00018CDD0 /* Base */ = {isa = PBXFileReference; lastKnownFileType = file.storyboard; name = Base; path = Base.lproj/Main.storyboard; sourceTree = "<group>"; };
		6E6F50261F02D6A00018CDD0 /* Assets.xcassets */ = {isa = PBXFileReference; lastKnownFileType = folder.assetcatalog; path = Assets.xcassets; sourceTree = "<group>"; };
		6E6F50291F02D6A00018CDD0 /* Base */ = {isa = PBXFileReference; lastKnownFileType = file.storyboard; name = Base; path = Base.lproj/LaunchScreen.storyboard; sourceTree = "<group>"; };
		6E6F502B1F02D6A00018CDD0 /* Info.plist */ = {isa = PBXFileReference; lastKnownFileType = text.plist.xml; path = Info.plist; sourceTree = "<group>"; };
		6E6F50301F02D6A00018CDD0 /* ExampleTests.xctest */ = {isa = PBXFileReference; explicitFileType = wrapper.cfbundle; includeInIndex = 0; path = ExampleTests.xctest; sourceTree = BUILT_PRODUCTS_DIR; };
		6E6F50341F02D6A00018CDD0 /* ExampleTests.swift */ = {isa = PBXFileReference; lastKnownFileType = sourcecode.swift; path = ExampleTests.swift; sourceTree = "<group>"; };
		6E6F50361F02D6A00018CDD0 /* Info.plist */ = {isa = PBXFileReference; lastKnownFileType = text.plist.xml; path = Info.plist; sourceTree = "<group>"; };
		6E6F50481F02D6D90018CDD0 /* ViewController.swift */ = {isa = PBXFileReference; fileEncoding = 4; lastKnownFileType = sourcecode.swift; path = ViewController.swift; sourceTree = "<group>"; };
		6E6F504E1F02D7890018CDD0 /* JATableViewRowAction.xcodeproj */ = {isa = PBXFileReference; lastKnownFileType = "wrapper.pb-project"; name = JATableViewRowAction.xcodeproj; path = ../JATableViewRowAction.xcodeproj; sourceTree = "<group>"; };
/* End PBXFileReference section */

/* Begin PBXFrameworksBuildPhase section */
		6E6F50191F02D6A00018CDD0 /* Frameworks */ = {
			isa = PBXFrameworksBuildPhase;
			buildActionMask = 2147483647;
			files = (
				6E6F50641F02D9A70018CDD0 /* JATableViewRowAction.framework in Frameworks */,
			);
			runOnlyForDeploymentPostprocessing = 0;
		};
		6E6F502D1F02D6A00018CDD0 /* Frameworks */ = {
			isa = PBXFrameworksBuildPhase;
			buildActionMask = 2147483647;
			files = (
			);
			runOnlyForDeploymentPostprocessing = 0;
		};
/* End PBXFrameworksBuildPhase section */

/* Begin PBXGroup section */
		6E6F50131F02D6A00018CDD0 = {
			isa = PBXGroup;
			children = (
				6E6F501E1F02D6A00018CDD0 /* Example */,
				6E6F50331F02D6A00018CDD0 /* ExampleTests */,
				6E6F501D1F02D6A00018CDD0 /* Products */,
				6E6F504E1F02D7890018CDD0 /* JATableViewRowAction.xcodeproj */,
			);
			sourceTree = "<group>";
		};
		6E6F501D1F02D6A00018CDD0 /* Products */ = {
			isa = PBXGroup;
			children = (
				6E6F501C1F02D6A00018CDD0 /* Example.app */,
				6E6F50301F02D6A00018CDD0 /* ExampleTests.xctest */,
			);
			name = Products;
			sourceTree = "<group>";
		};
		6E6F501E1F02D6A00018CDD0 /* Example */ = {
			isa = PBXGroup;
			children = (
				6E6F501F1F02D6A00018CDD0 /* AppDelegate.swift */,
				6E6F50481F02D6D90018CDD0 /* ViewController.swift */,
				6E6F50231F02D6A00018CDD0 /* Main.storyboard */,
				6E6F50261F02D6A00018CDD0 /* Assets.xcassets */,
				6E6F50281F02D6A00018CDD0 /* LaunchScreen.storyboard */,
				6E6F502B1F02D6A00018CDD0 /* Info.plist */,
			);
			path = Example;
			sourceTree = "<group>";
		};
		6E6F50331F02D6A00018CDD0 /* ExampleTests */ = {
			isa = PBXGroup;
			children = (
				6E6F50341F02D6A00018CDD0 /* ExampleTests.swift */,
				6E6F50361F02D6A00018CDD0 /* Info.plist */,
			);
			path = ExampleTests;
			sourceTree = "<group>";
		};
		6E6F504F1F02D7890018CDD0 /* Products */ = {
			isa = PBXGroup;
			children = (
				6E6F50541F02D7890018CDD0 /* JATableViewRowAction.framework */,
				6E6F50561F02D7890018CDD0 /* JATableViewRowActionTests.xctest */,
			);
			name = Products;
			sourceTree = "<group>";
		};
/* End PBXGroup section */

/* Begin PBXNativeTarget section */
		6E6F501B1F02D6A00018CDD0 /* Example */ = {
			isa = PBXNativeTarget;
			buildConfigurationList = 6E6F50391F02D6A00018CDD0 /* Build configuration list for PBXNativeTarget "Example" */;
			buildPhases = (
				6E6F50181F02D6A00018CDD0 /* Sources */,
				6E6F50191F02D6A00018CDD0 /* Frameworks */,
				6E6F501A1F02D6A00018CDD0 /* Resources */,
				6E6F50681F02D9A70018CDD0 /* Embed Frameworks */,
			);
			buildRules = (
			);
			dependencies = (
				6E6F50621F02D9930018CDD0 /* PBXTargetDependency */,
				6E6F50671F02D9A70018CDD0 /* PBXTargetDependency */,
			);
			name = Example;
			productName = Example;
			productReference = 6E6F501C1F02D6A00018CDD0 /* Example.app */;
			productType = "com.apple.product-type.application";
		};
		6E6F502F1F02D6A00018CDD0 /* ExampleTests */ = {
			isa = PBXNativeTarget;
			buildConfigurationList = 6E6F503C1F02D6A00018CDD0 /* Build configuration list for PBXNativeTarget "ExampleTests" */;
			buildPhases = (
				6E6F502C1F02D6A00018CDD0 /* Sources */,
				6E6F502D1F02D6A00018CDD0 /* Frameworks */,
				6E6F502E1F02D6A00018CDD0 /* Resources */,
			);
			buildRules = (
			);
			dependencies = (
				6E6F50321F02D6A00018CDD0 /* PBXTargetDependency */,
			);
			name = ExampleTests;
			productName = ExampleTests;
			productReference = 6E6F50301F02D6A00018CDD0 /* ExampleTests.xctest */;
			productType = "com.apple.product-type.bundle.unit-test";
		};
/* End PBXNativeTarget section */

/* Begin PBXProject section */
		6E6F50141F02D6A00018CDD0 /* Project object */ = {
			isa = PBXProject;
			attributes = {
				LastSwiftUpdateCheck = 0830;
				LastUpgradeCheck = 0830;
				ORGANIZATIONNAME = "Jeferson Assis";
				TargetAttributes = {
					6E6F501B1F02D6A00018CDD0 = {
						CreatedOnToolsVersion = 8.3.3;
						DevelopmentTeam = 92AH767BX3;
						ProvisioningStyle = Automatic;
					};
					6E6F502F1F02D6A00018CDD0 = {
						CreatedOnToolsVersion = 8.3.3;
						DevelopmentTeam = 92AH767BX3;
						ProvisioningStyle = Automatic;
						TestTargetID = 6E6F501B1F02D6A00018CDD0;
					};
				};
			};
			buildConfigurationList = 6E6F50171F02D6A00018CDD0 /* Build configuration list for PBXProject "Example" */;
			compatibilityVersion = "Xcode 3.2";
			developmentRegion = English;
			hasScannedForEncodings = 0;
			knownRegions = (
				en,
				Base,
			);
			mainGroup = 6E6F50131F02D6A00018CDD0;
			productRefGroup = 6E6F501D1F02D6A00018CDD0 /* Products */;
			projectDirPath = "";
			projectReferences = (
				{
					ProductGroup = 6E6F504F1F02D7890018CDD0 /* Products */;
					ProjectRef = 6E6F504E1F02D7890018CDD0 /* JATableViewRowAction.xcodeproj */;
				},
			);
			projectRoot = "";
			targets = (
				6E6F501B1F02D6A00018CDD0 /* Example */,
				6E6F502F1F02D6A00018CDD0 /* ExampleTests */,
			);
		};
/* End PBXProject section */

/* Begin PBXReferenceProxy section */
		6E6F50541F02D7890018CDD0 /* JATableViewRowAction.framework */ = {
			isa = PBXReferenceProxy;
			fileType = wrapper.framework;
			path = JATableViewRowAction.framework;
			remoteRef = 6E6F50531F02D7890018CDD0 /* PBXContainerItemProxy */;
			sourceTree = BUILT_PRODUCTS_DIR;
		};
		6E6F50561F02D7890018CDD0 /* JATableViewRowActionTests.xctest */ = {
			isa = PBXReferenceProxy;
			fileType = wrapper.cfbundle;
			path = JATableViewRowActionTests.xctest;
			remoteRef = 6E6F50551F02D7890018CDD0 /* PBXContainerItemProxy */;
			sourceTree = BUILT_PRODUCTS_DIR;
		};
/* End PBXReferenceProxy section */

/* Begin PBXResourcesBuildPhase section */
		6E6F501A1F02D6A00018CDD0 /* Resources */ = {
			isa = PBXResourcesBuildPhase;
			buildActionMask = 2147483647;
			files = (
				6E6F502A1F02D6A00018CDD0 /* LaunchScreen.storyboard in Resources */,
				6E6F50271F02D6A00018CDD0 /* Assets.xcassets in Resources */,
				6E6F50251F02D6A00018CDD0 /* Main.storyboard in Resources */,
			);
			runOnlyForDeploymentPostprocessing = 0;
		};
		6E6F502E1F02D6A00018CDD0 /* Resources */ = {
			isa = PBXResourcesBuildPhase;
			buildActionMask = 2147483647;
			files = (
			);
			runOnlyForDeploymentPostprocessing = 0;
		};
/* End PBXResourcesBuildPhase section */

/* Begin PBXSourcesBuildPhase section */
		6E6F50181F02D6A00018CDD0 /* Sources */ = {
			isa = PBXSourcesBuildPhase;
			buildActionMask = 2147483647;
			files = (
				6E6F50491F02D6D90018CDD0 /* ViewController.swift in Sources */,
				6E6F50201F02D6A00018CDD0 /* AppDelegate.swift in Sources */,
			);
			runOnlyForDeploymentPostprocessing = 0;
		};
		6E6F502C1F02D6A00018CDD0 /* Sources */ = {
			isa = PBXSourcesBuildPhase;
			buildActionMask = 2147483647;
			files = (
				6E6F50351F02D6A00018CDD0 /* ExampleTests.swift in Sources */,
			);
			runOnlyForDeploymentPostprocessing = 0;
		};
/* End PBXSourcesBuildPhase section */

/* Begin PBXTargetDependency section */
		6E6F50321F02D6A00018CDD0 /* PBXTargetDependency */ = {
			isa = PBXTargetDependency;
			target = 6E6F501B1F02D6A00018CDD0 /* Example */;
			targetProxy = 6E6F50311F02D6A00018CDD0 /* PBXContainerItemProxy */;
		};
		6E6F50621F02D9930018CDD0 /* PBXTargetDependency */ = {
			isa = PBXTargetDependency;
			name = JATableViewRowAction;
			targetProxy = 6E6F50611F02D9930018CDD0 /* PBXContainerItemProxy */;
		};
		6E6F50671F02D9A70018CDD0 /* PBXTargetDependency */ = {
			isa = PBXTargetDependency;
			name = JATableViewRowAction;
			targetProxy = 6E6F50661F02D9A70018CDD0 /* PBXContainerItemProxy */;
		};
/* End PBXTargetDependency section */

/* Begin PBXVariantGroup section */
		6E6F50231F02D6A00018CDD0 /* Main.storyboard */ = {
			isa = PBXVariantGroup;
			children = (
				6E6F50241F02D6A00018CDD0 /* Base */,
			);
			name = Main.storyboard;
			sourceTree = "<group>";
		};
		6E6F50281F02D6A00018CDD0 /* LaunchScreen.storyboard */ = {
			isa = PBXVariantGroup;
			children = (
				6E6F50291F02D6A00018CDD0 /* Base */,
			);
			name = LaunchScreen.storyboard;
			sourceTree = "<group>";
		};
/* End PBXVariantGroup section */

/* Begin XCBuildConfiguration section */
		6E6F50371F02D6A00018CDD0 /* Debug */ = {
			isa = XCBuildConfiguration;
			buildSettings = {
				ALWAYS_SEARCH_USER_PATHS = NO;
				CLANG_ANALYZER_NONNULL = YES;
				CLANG_ANALYZER_NUMBER_OBJECT_CONVERSION = YES_AGGRESSIVE;
				CLANG_CXX_LANGUAGE_STANDARD = "gnu++0x";
				CLANG_CXX_LIBRARY = "libc++";
				CLANG_ENABLE_MODULES = YES;
				CLANG_ENABLE_OBJC_ARC = YES;
				CLANG_WARN_BOOL_CONVERSION = YES;
				CLANG_WARN_CONSTANT_CONVERSION = YES;
				CLANG_WARN_DIRECT_OBJC_ISA_USAGE = YES_ERROR;
				CLANG_WARN_DOCUMENTATION_COMMENTS = YES;
				CLANG_WARN_EMPTY_BODY = YES;
				CLANG_WARN_ENUM_CONVERSION = YES;
				CLANG_WARN_INFINITE_RECURSION = YES;
				CLANG_WARN_INT_CONVERSION = YES;
				CLANG_WARN_OBJC_ROOT_CLASS = YES_ERROR;
				CLANG_WARN_SUSPICIOUS_MOVE = YES;
				CLANG_WARN_UNREACHABLE_CODE = YES;
				CLANG_WARN__DUPLICATE_METHOD_MATCH = YES;
				"CODE_SIGN_IDENTITY[sdk=iphoneos*]" = "iPhone Developer";
				COPY_PHASE_STRIP = NO;
				DEBUG_INFORMATION_FORMAT = dwarf;
				ENABLE_STRICT_OBJC_MSGSEND = YES;
				ENABLE_TESTABILITY = YES;
				GCC_C_LANGUAGE_STANDARD = gnu99;
				GCC_DYNAMIC_NO_PIC = NO;
				GCC_NO_COMMON_BLOCKS = YES;
				GCC_OPTIMIZATION_LEVEL = 0;
				GCC_PREPROCESSOR_DEFINITIONS = (
					"DEBUG=1",
					"$(inherited)",
				);
				GCC_WARN_64_TO_32_BIT_CONVERSION = YES;
				GCC_WARN_ABOUT_RETURN_TYPE = YES_ERROR;
				GCC_WARN_UNDECLARED_SELECTOR = YES;
				GCC_WARN_UNINITIALIZED_AUTOS = YES_AGGRESSIVE;
				GCC_WARN_UNUSED_FUNCTION = YES;
				GCC_WARN_UNUSED_VARIABLE = YES;
				IPHONEOS_DEPLOYMENT_TARGET = 10.3;
				MTL_ENABLE_DEBUG_INFO = YES;
				ONLY_ACTIVE_ARCH = YES;
				SDKROOT = iphoneos;
				SWIFT_ACTIVE_COMPILATION_CONDITIONS = DEBUG;
				SWIFT_OPTIMIZATION_LEVEL = "-Onone";
			};
			name = Debug;
		};
		6E6F50381F02D6A00018CDD0 /* Release */ = {
			isa = XCBuildConfiguration;
			buildSettings = {
				ALWAYS_SEARCH_USER_PATHS = NO;
				CLANG_ANALYZER_NONNULL = YES;
				CLANG_ANALYZER_NUMBER_OBJECT_CONVERSION = YES_AGGRESSIVE;
				CLANG_CXX_LANGUAGE_STANDARD = "gnu++0x";
				CLANG_CXX_LIBRARY = "libc++";
				CLANG_ENABLE_MODULES = YES;
				CLANG_ENABLE_OBJC_ARC = YES;
				CLANG_WARN_BOOL_CONVERSION = YES;
				CLANG_WARN_CONSTANT_CONVERSION = YES;
				CLANG_WARN_DIRECT_OBJC_ISA_USAGE = YES_ERROR;
				CLANG_WARN_DOCUMENTATION_COMMENTS = YES;
				CLANG_WARN_EMPTY_BODY = YES;
				CLANG_WARN_ENUM_CONVERSION = YES;
				CLANG_WARN_INFINITE_RECURSION = YES;
				CLANG_WARN_INT_CONVERSION = YES;
				CLANG_WARN_OBJC_ROOT_CLASS = YES_ERROR;
				CLANG_WARN_SUSPICIOUS_MOVE = YES;
				CLANG_WARN_UNREACHABLE_CODE = YES;
				CLANG_WARN__DUPLICATE_METHOD_MATCH = YES;
				"CODE_SIGN_IDENTITY[sdk=iphoneos*]" = "iPhone Developer";
				COPY_PHASE_STRIP = NO;
				DEBUG_INFORMATION_FORMAT = "dwarf-with-dsym";
				ENABLE_NS_ASSERTIONS = NO;
				ENABLE_STRICT_OBJC_MSGSEND = YES;
				GCC_C_LANGUAGE_STANDARD = gnu99;
				GCC_NO_COMMON_BLOCKS = YES;
				GCC_WARN_64_TO_32_BIT_CONVERSION = YES;
				GCC_WARN_ABOUT_RETURN_TYPE = YES_ERROR;
				GCC_WARN_UNDECLARED_SELECTOR = YES;
				GCC_WARN_UNINITIALIZED_AUTOS = YES_AGGRESSIVE;
				GCC_WARN_UNUSED_FUNCTION = YES;
				GCC_WARN_UNUSED_VARIABLE = YES;
				IPHONEOS_DEPLOYMENT_TARGET = 10.3;
				MTL_ENABLE_DEBUG_INFO = NO;
				SDKROOT = iphoneos;
				SWIFT_OPTIMIZATION_LEVEL = "-Owholemodule";
				VALIDATE_PRODUCT = YES;
			};
			name = Release;
		};
		6E6F503A1F02D6A00018CDD0 /* Debug */ = {
			isa = XCBuildConfiguration;
			buildSettings = {
				ALWAYS_EMBED_SWIFT_STANDARD_LIBRARIES = YES;
				ASSETCATALOG_COMPILER_APPICON_NAME = AppIcon;
				DEVELOPMENT_TEAM = 92AH767BX3;
				INFOPLIST_FILE = Example/Info.plist;
				LD_RUNPATH_SEARCH_PATHS = "$(inherited) @executable_path/Frameworks";
				PRODUCT_BUNDLE_IDENTIFIER = br.com.arpadesign.Example;
				PRODUCT_NAME = "$(TARGET_NAME)";
				SWIFT_VERSION = 3.0;
			};
			name = Debug;
		};
		6E6F503B1F02D6A00018CDD0 /* Release */ = {
			isa = XCBuildConfiguration;
			buildSettings = {
				ALWAYS_EMBED_SWIFT_STANDARD_LIBRARIES = YES;
				ASSETCATALOG_COMPILER_APPICON_NAME = AppIcon;
				DEVELOPMENT_TEAM = 92AH767BX3;
				INFOPLIST_FILE = Example/Info.plist;
				LD_RUNPATH_SEARCH_PATHS = "$(inherited) @executable_path/Frameworks";
				PRODUCT_BUNDLE_IDENTIFIER = br.com.arpadesign.Example;
				PRODUCT_NAME = "$(TARGET_NAME)";
				SWIFT_VERSION = 3.0;
			};
			name = Release;
		};
		6E6F503D1F02D6A00018CDD0 /* Debug */ = {
			isa = XCBuildConfiguration;
			buildSettings = {
				ALWAYS_EMBED_SWIFT_STANDARD_LIBRARIES = YES;
				BUNDLE_LOADER = "$(TEST_HOST)";
				DEVELOPMENT_TEAM = 92AH767BX3;
				INFOPLIST_FILE = ExampleTests/Info.plist;
				LD_RUNPATH_SEARCH_PATHS = "$(inherited) @executable_path/Frameworks @loader_path/Frameworks";
				PRODUCT_BUNDLE_IDENTIFIER = br.com.arpadesign.ExampleTests;
				PRODUCT_NAME = "$(TARGET_NAME)";
				SWIFT_VERSION = 3.0;
				TEST_HOST = "$(BUILT_PRODUCTS_DIR)/Example.app/Example";
			};
			name = Debug;
		};
		6E6F503E1F02D6A00018CDD0 /* Release */ = {
			isa = XCBuildConfiguration;
			buildSettings = {
				ALWAYS_EMBED_SWIFT_STANDARD_LIBRARIES = YES;
				BUNDLE_LOADER = "$(TEST_HOST)";
				DEVELOPMENT_TEAM = 92AH767BX3;
				INFOPLIST_FILE = ExampleTests/Info.plist;
				LD_RUNPATH_SEARCH_PATHS = "$(inherited) @executable_path/Frameworks @loader_path/Frameworks";
				PRODUCT_BUNDLE_IDENTIFIER = br.com.arpadesign.ExampleTests;
				PRODUCT_NAME = "$(TARGET_NAME)";
				SWIFT_VERSION = 3.0;
				TEST_HOST = "$(BUILT_PRODUCTS_DIR)/Example.app/Example";
			};
			name = Release;
		};
/* End XCBuildConfiguration section */

/* Begin XCConfigurationList section */
		6E6F50171F02D6A00018CDD0 /* Build configuration list for PBXProject "Example" */ = {
			isa = XCConfigurationList;
			buildConfigurations = (
				6E6F50371F02D6A00018CDD0 /* Debug */,
				6E6F50381F02D6A00018CDD0 /* Release */,
			);
			defaultConfigurationIsVisible = 0;
			defaultConfigurationName = Release;
		};
		6E6F50391F02D6A00018CDD0 /* Build configuration list for PBXNativeTarget "Example" */ = {
			isa = XCConfigurationList;
			buildConfigurations = (
				6E6F503A1F02D6A00018CDD0 /* Debug */,
				6E6F503B1F02D6A00018CDD0 /* Release */,
			);
			defaultConfigurationIsVisible = 0;
			defaultConfigurationName = Release;
		};
		6E6F503C1F02D6A00018CDD0 /* Build configuration list for PBXNativeTarget "ExampleTests" */ = {
			isa = XCConfigurationList;
			buildConfigurations = (
				6E6F503D1F02D6A00018CDD0 /* Debug */,
				6E6F503E1F02D6A00018CDD0 /* Release */,
			);
			defaultConfigurationIsVisible = 0;
			defaultConfigurationName = Release;
		};
/* End XCConfigurationList section */
	};
	rootObject = 6E6F50141F02D6A00018CDD0 /* Project object */;
}
